
Microsoft Visual Studio Solution File, Format Version 12.00
# Visual Studio Version 17
VisualStudioVersion = 17.2.32630.192
MinimumVisualStudioVersion = 10.0.40219.1
Project("{9A19103F-16F7-4668-BE54-9A1E7A4F7556}") = "R5T.T0214", "R5T.T0214\R5T.T0214.csproj", "{0F907480-F8F6-493E-B033-67A777A42617}"
EndProject
Global
	GlobalSection(SolutionConfigurationPlatforms) = preSolution
		Debug|Any CPU = Debug|Any CPU
		Release|Any CPU = Release|Any CPU
	EndGlobalSection
	GlobalSection(ProjectConfigurationPlatforms) = postSolution
		{0F907480-F8F6-493E-B033-67A777A42617}.Debug|Any CPU.ActiveCfg = Debug|Any CPU
		{0F907480-F8F6-493E-B033-67A777A42617}.Debug|Any CPU.Build.0 = Debug|Any CPU
		{0F907480-F8F6-493E-B033-67A777A42617}.Release|Any CPU.ActiveCfg = Release|Any CPU
		{0F907480-F8F6-493E-B033-67A777A42617}.Release|Any CPU.Build.0 = Release|Any CPU
	EndGlobalSection
	GlobalSection(SolutionProperties) = preSolution
		HideSolutionNode = FALSE
	EndGlobalSection
	GlobalSection(ExtensibilityGlobals) = postSolution
		SolutionGuid = {A7B5DA82-A76C-43A3-A01F-67F977135B73}
	EndGlobalSection
EndGlobal
