
Microsoft Visual Studio Solution File, Format Version 12.00
# Visual Studio Version 17
VisualStudioVersion = 17.2.32630.192
MinimumVisualStudioVersion = 10.0.40219.1
Project("{9A19103F-16F7-4668-BE54-9A1E7A4F7556}") = "R5T.T0214.Construction", "R5T.T0214.Construction\R5T.T0214.Construction.csproj", "{BE09EF6F-E2F3-4C71-941B-563E3AF81B85}"
EndProject
Project("{9A19103F-16F7-4668-BE54-9A1E7A4F7556}") = "R5T.T0214", "R5T.T0214\R5T.T0214.csproj", "{BF300455-111F-42A6-909B-5788C7EDD7F4}"
EndProject
Project("{2150E333-8FDC-42A3-9474-1A3956D46DE8}") = "_Dependencies", "_Dependencies", "{A9FA6394-6A6D-403D-AEAD-5097385CADB7}"
EndProject
Project("{9A19103F-16F7-4668-BE54-9A1E7A4F7556}") = "R5T.T0132", "..\..\R5T.T0132\source\R5T.T0132\R5T.T0132.csproj", "{5AF723E4-3C70-4C6B-BA0D-A8352CED3269}"
EndProject
Project("{9A19103F-16F7-4668-BE54-9A1E7A4F7556}") = "R5T.T0143", "..\..\R5T.T0143\source\R5T.T0143\R5T.T0143.csproj", "{2D7859B6-00A9-4B40-822D-870B140ABE5D}"
EndProject
Project("{9A19103F-16F7-4668-BE54-9A1E7A4F7556}") = "R5T.T0178", "..\..\R5T.T0178\source\R5T.T0178\R5T.T0178.csproj", "{C1BBA1DE-D208-4C05-B8AC-1855F66AC882}"
EndProject
Project("{9A19103F-16F7-4668-BE54-9A1E7A4F7556}") = "R5T.T0179", "..\..\R5T.T0179\source\R5T.T0179\R5T.T0179.csproj", "{237ABBD2-F1DE-4C8A-8EF2-BE1B39A04FA0}"
EndProject
Project("{9A19103F-16F7-4668-BE54-9A1E7A4F7556}") = "R5T.T0180", "..\..\R5T.T0180\source\R5T.T0180\R5T.T0180.csproj", "{532167FC-4F9B-42D1-8818-5DDCE1EDF649}"
EndProject
Global
	GlobalSection(NestedProjects) = preSolution
		{5AF723E4-3C70-4C6B-BA0D-A8352CED3269} = {A9FA6394-6A6D-403D-AEAD-5097385CADB7}
		{2D7859B6-00A9-4B40-822D-870B140ABE5D} = {A9FA6394-6A6D-403D-AEAD-5097385CADB7}
		{C1BBA1DE-D208-4C05-B8AC-1855F66AC882} = {A9FA6394-6A6D-403D-AEAD-5097385CADB7}
		{237ABBD2-F1DE-4C8A-8EF2-BE1B39A04FA0} = {A9FA6394-6A6D-403D-AEAD-5097385CADB7}
		{532167FC-4F9B-42D1-8818-5DDCE1EDF649} = {A9FA6394-6A6D-403D-AEAD-5097385CADB7}
	EndGlobalSection
	GlobalSection(SolutionConfigurationPlatforms) = preSolution
		Debug|Any CPU = Debug|Any CPU
		Release|Any CPU = Release|Any CPU
	EndGlobalSection
	GlobalSection(ProjectConfigurationPlatforms) = postSolution
		{BE09EF6F-E2F3-4C71-941B-563E3AF81B85}.Debug|Any CPU.ActiveCfg = Debug|Any CPU
		{BE09EF6F-E2F3-4C71-941B-563E3AF81B85}.Debug|Any CPU.Build.0 = Debug|Any CPU
		{BE09EF6F-E2F3-4C71-941B-563E3AF81B85}.Release|Any CPU.ActiveCfg = Release|Any CPU
		{BE09EF6F-E2F3-4C71-941B-563E3AF81B85}.Release|Any CPU.Build.0 = Release|Any CPU
		{BF300455-111F-42A6-909B-5788C7EDD7F4}.Debug|Any CPU.ActiveCfg = Debug|Any CPU
		{BF300455-111F-42A6-909B-5788C7EDD7F4}.Debug|Any CPU.Build.0 = Debug|Any CPU
		{BF300455-111F-42A6-909B-5788C7EDD7F4}.Release|Any CPU.ActiveCfg = Release|Any CPU
		{BF300455-111F-42A6-909B-5788C7EDD7F4}.Release|Any CPU.Build.0 = Release|Any CPU
		{5AF723E4-3C70-4C6B-BA0D-A8352CED3269}.Debug|Any CPU.ActiveCfg = Debug|Any CPU
		{5AF723E4-3C70-4C6B-BA0D-A8352CED3269}.Debug|Any CPU.Build.0 = Debug|Any CPU
		{5AF723E4-3C70-4C6B-BA0D-A8352CED3269}.Release|Any CPU.ActiveCfg = Release|Any CPU
		{5AF723E4-3C70-4C6B-BA0D-A8352CED3269}.Release|Any CPU.Build.0 = Release|Any CPU
		{2D7859B6-00A9-4B40-822D-870B140ABE5D}.Debug|Any CPU.ActiveCfg = Debug|Any CPU
		{2D7859B6-00A9-4B40-822D-870B140ABE5D}.Debug|Any CPU.Build.0 = Debug|Any CPU
		{2D7859B6-00A9-4B40-822D-870B140ABE5D}.Release|Any CPU.ActiveCfg = Release|Any CPU
		{2D7859B6-00A9-4B40-822D-870B140ABE5D}.Release|Any CPU.Build.0 = Release|Any CPU
		{C1BBA1DE-D208-4C05-B8AC-1855F66AC882}.Debug|Any CPU.ActiveCfg = Debug|Any CPU
		{C1BBA1DE-D208-4C05-B8AC-1855F66AC882}.Debug|Any CPU.Build.0 = Debug|Any CPU
		{C1BBA1DE-D208-4C05-B8AC-1855F66AC882}.Release|Any CPU.ActiveCfg = Release|Any CPU
		{C1BBA1DE-D208-4C05-B8AC-1855F66AC882}.Release|Any CPU.Build.0 = Release|Any CPU
		{237ABBD2-F1DE-4C8A-8EF2-BE1B39A04FA0}.Debug|Any CPU.ActiveCfg = Debug|Any CPU
		{237ABBD2-F1DE-4C8A-8EF2-BE1B39A04FA0}.Debug|Any CPU.Build.0 = Debug|Any CPU
		{237ABBD2-F1DE-4C8A-8EF2-BE1B39A04FA0}.Release|Any CPU.ActiveCfg = Release|Any CPU
		{237ABBD2-F1DE-4C8A-8EF2-BE1B39A04FA0}.Release|Any CPU.Build.0 = Release|Any CPU
		{532167FC-4F9B-42D1-8818-5DDCE1EDF649}.Debug|Any CPU.ActiveCfg = Debug|Any CPU
		{532167FC-4F9B-42D1-8818-5DDCE1EDF649}.Debug|Any CPU.Build.0 = Debug|Any CPU
		{532167FC-4F9B-42D1-8818-5DDCE1EDF649}.Release|Any CPU.ActiveCfg = Release|Any CPU
		{532167FC-4F9B-42D1-8818-5DDCE1EDF649}.Release|Any CPU.Build.0 = Release|Any CPU
	EndGlobalSection
	GlobalSection(SolutionProperties) = preSolution
		HideSolutionNode = FALSE
	EndGlobalSection
	GlobalSection(ExtensibilityGlobals) = postSolution
		SolutionGuid = {6BABACBF-F77F-4DD7-A5A5-FA98AD339F1C}
	EndGlobalSection
EndGlobal
