
Microsoft Visual Studio Solution File, Format Version 12.00
# Visual Studio Version 17
VisualStudioVersion = 17.2.32630.192
MinimumVisualStudioVersion = 10.0.40219.1
Project("{9A19103F-16F7-4668-BE54-9A1E7A4F7556}") = "R5T.T0214", "R5T.T0214\R5T.T0214.csproj", "{0F907480-F8F6-493E-B033-67A777A42617}"
EndProject
Project("{2150E333-8FDC-42A3-9474-1A3956D46DE8}") = "_Dependencies", "_Dependencies", "{1B253A65-9CD5-4AF5-955D-E73ABC59A0B8}"
EndProject
Project("{9A19103F-16F7-4668-BE54-9A1E7A4F7556}") = "R5T.T0132", "..\..\R5T.T0132\source\R5T.T0132\R5T.T0132.csproj", "{BC6EB9C0-5D31-4810-9610-5CC04A7C7C9C}"
EndProject
Project("{9A19103F-16F7-4668-BE54-9A1E7A4F7556}") = "R5T.T0143", "..\..\R5T.T0143\source\R5T.T0143\R5T.T0143.csproj", "{F0F39640-F3AB-43B2-9211-EFC0A5D6B95D}"
EndProject
Project("{9A19103F-16F7-4668-BE54-9A1E7A4F7556}") = "R5T.T0178", "..\..\R5T.T0178\source\R5T.T0178\R5T.T0178.csproj", "{23BC18A7-7037-478D-B5A3-CAA58A4373BD}"
EndProject
Project("{9A19103F-16F7-4668-BE54-9A1E7A4F7556}") = "R5T.T0179", "..\..\R5T.T0179\source\R5T.T0179\R5T.T0179.csproj", "{B4A3B547-A995-4AFD-87E7-48F7E80262BF}"
EndProject
Project("{9A19103F-16F7-4668-BE54-9A1E7A4F7556}") = "R5T.T0180", "..\..\R5T.T0180\source\R5T.T0180\R5T.T0180.csproj", "{25F240E4-7B89-4EF4-99B2-47A099362A07}"
EndProject
Project("{9A19103F-16F7-4668-BE54-9A1E7A4F7556}") = "R5T.T0214.Z001", "R5T.T0214.Z001\R5T.T0214.Z001.csproj", "{E3631EEF-DF93-4C8F-97E7-8554EF4950B4}"
EndProject
Project("{9A19103F-16F7-4668-BE54-9A1E7A4F7556}") = "R5T.T0131", "..\..\R5T.T0131\source\R5T.T0131\R5T.T0131.csproj", "{286A28AE-2C38-4B95-AAD5-DBBFEAF13126}"
EndProject
Global
	GlobalSection(NestedProjects) = preSolution
		{BC6EB9C0-5D31-4810-9610-5CC04A7C7C9C} = {1B253A65-9CD5-4AF5-955D-E73ABC59A0B8}
		{F0F39640-F3AB-43B2-9211-EFC0A5D6B95D} = {1B253A65-9CD5-4AF5-955D-E73ABC59A0B8}
		{23BC18A7-7037-478D-B5A3-CAA58A4373BD} = {1B253A65-9CD5-4AF5-955D-E73ABC59A0B8}
		{B4A3B547-A995-4AFD-87E7-48F7E80262BF} = {1B253A65-9CD5-4AF5-955D-E73ABC59A0B8}
		{25F240E4-7B89-4EF4-99B2-47A099362A07} = {1B253A65-9CD5-4AF5-955D-E73ABC59A0B8}
		{286A28AE-2C38-4B95-AAD5-DBBFEAF13126} = {1B253A65-9CD5-4AF5-955D-E73ABC59A0B8}
	EndGlobalSection
	GlobalSection(SolutionConfigurationPlatforms) = preSolution
		Debug|Any CPU = Debug|Any CPU
		Release|Any CPU = Release|Any CPU
	EndGlobalSection
	GlobalSection(ProjectConfigurationPlatforms) = postSolution
		{0F907480-F8F6-493E-B033-67A777A42617}.Debug|Any CPU.ActiveCfg = Debug|Any CPU
		{0F907480-F8F6-493E-B033-67A777A42617}.Debug|Any CPU.Build.0 = Debug|Any CPU
		{0F907480-F8F6-493E-B033-67A777A42617}.Release|Any CPU.ActiveCfg = Release|Any CPU
		{0F907480-F8F6-493E-B033-67A777A42617}.Release|Any CPU.Build.0 = Release|Any CPU
		{BC6EB9C0-5D31-4810-9610-5CC04A7C7C9C}.Debug|Any CPU.ActiveCfg = Debug|Any CPU
		{BC6EB9C0-5D31-4810-9610-5CC04A7C7C9C}.Debug|Any CPU.Build.0 = Debug|Any CPU
		{BC6EB9C0-5D31-4810-9610-5CC04A7C7C9C}.Release|Any CPU.ActiveCfg = Release|Any CPU
		{BC6EB9C0-5D31-4810-9610-5CC04A7C7C9C}.Release|Any CPU.Build.0 = Release|Any CPU
		{F0F39640-F3AB-43B2-9211-EFC0A5D6B95D}.Debug|Any CPU.ActiveCfg = Debug|Any CPU
		{F0F39640-F3AB-43B2-9211-EFC0A5D6B95D}.Debug|Any CPU.Build.0 = Debug|Any CPU
		{F0F39640-F3AB-43B2-9211-EFC0A5D6B95D}.Release|Any CPU.ActiveCfg = Release|Any CPU
		{F0F39640-F3AB-43B2-9211-EFC0A5D6B95D}.Release|Any CPU.Build.0 = Release|Any CPU
		{23BC18A7-7037-478D-B5A3-CAA58A4373BD}.Debug|Any CPU.ActiveCfg = Debug|Any CPU
		{23BC18A7-7037-478D-B5A3-CAA58A4373BD}.Debug|Any CPU.Build.0 = Debug|Any CPU
		{23BC18A7-7037-478D-B5A3-CAA58A4373BD}.Release|Any CPU.ActiveCfg = Release|Any CPU
		{23BC18A7-7037-478D-B5A3-CAA58A4373BD}.Release|Any CPU.Build.0 = Release|Any CPU
		{B4A3B547-A995-4AFD-87E7-48F7E80262BF}.Debug|Any CPU.ActiveCfg = Debug|Any CPU
		{B4A3B547-A995-4AFD-87E7-48F7E80262BF}.Debug|Any CPU.Build.0 = Debug|Any CPU
		{B4A3B547-A995-4AFD-87E7-48F7E80262BF}.Release|Any CPU.ActiveCfg = Release|Any CPU
		{B4A3B547-A995-4AFD-87E7-48F7E80262BF}.Release|Any CPU.Build.0 = Release|Any CPU
		{25F240E4-7B89-4EF4-99B2-47A099362A07}.Debug|Any CPU.ActiveCfg = Debug|Any CPU
		{25F240E4-7B89-4EF4-99B2-47A099362A07}.Debug|Any CPU.Build.0 = Debug|Any CPU
		{25F240E4-7B89-4EF4-99B2-47A099362A07}.Release|Any CPU.ActiveCfg = Release|Any CPU
		{25F240E4-7B89-4EF4-99B2-47A099362A07}.Release|Any CPU.Build.0 = Release|Any CPU
		{E3631EEF-DF93-4C8F-97E7-8554EF4950B4}.Debug|Any CPU.ActiveCfg = Debug|Any CPU
		{E3631EEF-DF93-4C8F-97E7-8554EF4950B4}.Debug|Any CPU.Build.0 = Debug|Any CPU
		{E3631EEF-DF93-4C8F-97E7-8554EF4950B4}.Release|Any CPU.ActiveCfg = Release|Any CPU
		{E3631EEF-DF93-4C8F-97E7-8554EF4950B4}.Release|Any CPU.Build.0 = Release|Any CPU
		{286A28AE-2C38-4B95-AAD5-DBBFEAF13126}.Debug|Any CPU.ActiveCfg = Debug|Any CPU
		{286A28AE-2C38-4B95-AAD5-DBBFEAF13126}.Debug|Any CPU.Build.0 = Debug|Any CPU
		{286A28AE-2C38-4B95-AAD5-DBBFEAF13126}.Release|Any CPU.ActiveCfg = Release|Any CPU
		{286A28AE-2C38-4B95-AAD5-DBBFEAF13126}.Release|Any CPU.Build.0 = Release|Any CPU
	EndGlobalSection
	GlobalSection(SolutionProperties) = preSolution
		HideSolutionNode = FALSE
	EndGlobalSection
	GlobalSection(ExtensibilityGlobals) = postSolution
		SolutionGuid = {A7B5DA82-A76C-43A3-A01F-67F977135B73}
	EndGlobalSection
EndGlobal
